
Microsoft Visual Studio Solution File, Format Version 12.00
# Visual Studio 15
VisualStudioVersion = 15.0.28010.2041
MinimumVisualStudioVersion = 10.0.40219.1
Project("{FAE04EC0-301F-11D3-BF4B-00C04F79EFBC}") = "RxXamarinTest", "RxXamarinTest\RxXamarinTest\RxXamarinTest.csproj", "{6B72FB3B-B32B-49C2-9908-0CA7065B09D2}"
EndProject
Project("{FAE04EC0-301F-11D3-BF4B-00C04F79EFBC}") = "RxXamarinTest.Android", "RxXamarinTest\RxXamarinTest.Android\RxXamarinTest.Android.csproj", "{E72671A3-F099-4580-9E34-78A9E65A5B09}"
EndProject
Project("{FAE04EC0-301F-11D3-BF4B-00C04F79EFBC}") = "RxXamarinTest.iOS", "RxXamarinTest\RxXamarinTest.iOS\RxXamarinTest.iOS.csproj", "{ED030E1A-CE5A-418B-99B6-D9DB62A4BAA3}"
EndProject
Project("{FAE04EC0-301F-11D3-BF4B-00C04F79EFBC}") = "RxXamarinTest.UWP", "RxXamarinTest\RxXamarinTest.UWP\RxXamarinTest.UWP.csproj", "{090AEBB9-3B02-4CD4-8135-F40711F1603E}"
EndProject
Global
	GlobalSection(SolutionConfigurationPlatforms) = preSolution
		Ad-Hoc|Any CPU = Ad-Hoc|Any CPU
		Ad-Hoc|ARM = Ad-Hoc|ARM
		Ad-Hoc|iPhone = Ad-Hoc|iPhone
		Ad-Hoc|iPhoneSimulator = Ad-Hoc|iPhoneSimulator
		Ad-Hoc|x64 = Ad-Hoc|x64
		Ad-Hoc|x86 = Ad-Hoc|x86
		AppStore|Any CPU = AppStore|Any CPU
		AppStore|ARM = AppStore|ARM
		AppStore|iPhone = AppStore|iPhone
		AppStore|iPhoneSimulator = AppStore|iPhoneSimulator
		AppStore|x64 = AppStore|x64
		AppStore|x86 = AppStore|x86
		Debug|Any CPU = Debug|Any CPU
		Debug|ARM = Debug|ARM
		Debug|iPhone = Debug|iPhone
		Debug|iPhoneSimulator = Debug|iPhoneSimulator
		Debug|x64 = Debug|x64
		Debug|x86 = Debug|x86
		Release|Any CPU = Release|Any CPU
		Release|ARM = Release|ARM
		Release|iPhone = Release|iPhone
		Release|iPhoneSimulator = Release|iPhoneSimulator
		Release|x64 = Release|x64
		Release|x86 = Release|x86
	EndGlobalSection
	GlobalSection(ProjectConfigurationPlatforms) = postSolution
		{6B72FB3B-B32B-49C2-9908-0CA7065B09D2}.Ad-Hoc|Any CPU.ActiveCfg = Debug|Any CPU
		{6B72FB3B-B32B-49C2-9908-0CA7065B09D2}.Ad-Hoc|Any CPU.Build.0 = Debug|Any CPU
		{6B72FB3B-B32B-49C2-9908-0CA7065B09D2}.Ad-Hoc|ARM.ActiveCfg = Debug|Any CPU
		{6B72FB3B-B32B-49C2-9908-0CA7065B09D2}.Ad-Hoc|ARM.Build.0 = Debug|Any CPU
		{6B72FB3B-B32B-49C2-9908-0CA7065B09D2}.Ad-Hoc|iPhone.ActiveCfg = Debug|Any CPU
		{6B72FB3B-B32B-49C2-9908-0CA7065B09D2}.Ad-Hoc|iPhone.Build.0 = Debug|Any CPU
		{6B72FB3B-B32B-49C2-9908-0CA7065B09D2}.Ad-Hoc|iPhoneSimulator.ActiveCfg = Debug|Any CPU
		{6B72FB3B-B32B-49C2-9908-0CA7065B09D2}.Ad-Hoc|iPhoneSimulator.Build.0 = Debug|Any CPU
		{6B72FB3B-B32B-49C2-9908-0CA7065B09D2}.Ad-Hoc|x64.ActiveCfg = Debug|Any CPU
		{6B72FB3B-B32B-49C2-9908-0CA7065B09D2}.Ad-Hoc|x64.Build.0 = Debug|Any CPU
		{6B72FB3B-B32B-49C2-9908-0CA7065B09D2}.Ad-Hoc|x86.ActiveCfg = Debug|Any CPU
		{6B72FB3B-B32B-49C2-9908-0CA7065B09D2}.Ad-Hoc|x86.Build.0 = Debug|Any CPU
		{6B72FB3B-B32B-49C2-9908-0CA7065B09D2}.AppStore|Any CPU.ActiveCfg = Debug|Any CPU
		{6B72FB3B-B32B-49C2-9908-0CA7065B09D2}.AppStore|Any CPU.Build.0 = Debug|Any CPU
		{6B72FB3B-B32B-49C2-9908-0CA7065B09D2}.AppStore|ARM.ActiveCfg = Debug|Any CPU
		{6B72FB3B-B32B-49C2-9908-0CA7065B09D2}.AppStore|ARM.Build.0 = Debug|Any CPU
		{6B72FB3B-B32B-49C2-9908-0CA7065B09D2}.AppStore|iPhone.ActiveCfg = Debug|Any CPU
		{6B72FB3B-B32B-49C2-9908-0CA7065B09D2}.AppStore|iPhone.Build.0 = Debug|Any CPU
		{6B72FB3B-B32B-49C2-9908-0CA7065B09D2}.AppStore|iPhoneSimulator.ActiveCfg = Debug|Any CPU
		{6B72FB3B-B32B-49C2-9908-0CA7065B09D2}.AppStore|iPhoneSimulator.Build.0 = Debug|Any CPU
		{6B72FB3B-B32B-49C2-9908-0CA7065B09D2}.AppStore|x64.ActiveCfg = Debug|Any CPU
		{6B72FB3B-B32B-49C2-9908-0CA7065B09D2}.AppStore|x64.Build.0 = Debug|Any CPU
		{6B72FB3B-B32B-49C2-9908-0CA7065B09D2}.AppStore|x86.ActiveCfg = Debug|Any CPU
		{6B72FB3B-B32B-49C2-9908-0CA7065B09D2}.AppStore|x86.Build.0 = Debug|Any CPU
		{6B72FB3B-B32B-49C2-9908-0CA7065B09D2}.Debug|Any CPU.ActiveCfg = Debug|Any CPU
		{6B72FB3B-B32B-49C2-9908-0CA7065B09D2}.Debug|Any CPU.Build.0 = Debug|Any CPU
		{6B72FB3B-B32B-49C2-9908-0CA7065B09D2}.Debug|ARM.ActiveCfg = Debug|Any CPU
		{6B72FB3B-B32B-49C2-9908-0CA7065B09D2}.Debug|ARM.Build.0 = Debug|Any CPU
		{6B72FB3B-B32B-49C2-9908-0CA7065B09D2}.Debug|iPhone.ActiveCfg = Debug|Any CPU
		{6B72FB3B-B32B-49C2-9908-0CA7065B09D2}.Debug|iPhone.Build.0 = Debug|Any CPU
		{6B72FB3B-B32B-49C2-9908-0CA7065B09D2}.Debug|iPhoneSimulator.ActiveCfg = Debug|Any CPU
		{6B72FB3B-B32B-49C2-9908-0CA7065B09D2}.Debug|iPhoneSimulator.Build.0 = Debug|Any CPU
		{6B72FB3B-B32B-49C2-9908-0CA7065B09D2}.Debug|x64.ActiveCfg = Debug|Any CPU
		{6B72FB3B-B32B-49C2-9908-0CA7065B09D2}.Debug|x64.Build.0 = Debug|Any CPU
		{6B72FB3B-B32B-49C2-9908-0CA7065B09D2}.Debug|x86.ActiveCfg = Debug|Any CPU
		{6B72FB3B-B32B-49C2-9908-0CA7065B09D2}.Debug|x86.Build.0 = Debug|Any CPU
		{6B72FB3B-B32B-49C2-9908-0CA7065B09D2}.Release|Any CPU.ActiveCfg = Release|Any CPU
		{6B72FB3B-B32B-49C2-9908-0CA7065B09D2}.Release|Any CPU.Build.0 = Release|Any CPU
		{6B72FB3B-B32B-49C2-9908-0CA7065B09D2}.Release|ARM.ActiveCfg = Release|Any CPU
		{6B72FB3B-B32B-49C2-9908-0CA7065B09D2}.Release|ARM.Build.0 = Release|Any CPU
		{6B72FB3B-B32B-49C2-9908-0CA7065B09D2}.Release|iPhone.ActiveCfg = Release|Any CPU
		{6B72FB3B-B32B-49C2-9908-0CA7065B09D2}.Release|iPhone.Build.0 = Release|Any CPU
		{6B72FB3B-B32B-49C2-9908-0CA7065B09D2}.Release|iPhoneSimulator.ActiveCfg = Release|Any CPU
		{6B72FB3B-B32B-49C2-9908-0CA7065B09D2}.Release|iPhoneSimulator.Build.0 = Release|Any CPU
		{6B72FB3B-B32B-49C2-9908-0CA7065B09D2}.Release|x64.ActiveCfg = Release|Any CPU
		{6B72FB3B-B32B-49C2-9908-0CA7065B09D2}.Release|x64.Build.0 = Release|Any CPU
		{6B72FB3B-B32B-49C2-9908-0CA7065B09D2}.Release|x86.ActiveCfg = Release|Any CPU
		{6B72FB3B-B32B-49C2-9908-0CA7065B09D2}.Release|x86.Build.0 = Release|Any CPU
		{E72671A3-F099-4580-9E34-78A9E65A5B09}.Ad-Hoc|Any CPU.ActiveCfg = Release|Any CPU
		{E72671A3-F099-4580-9E34-78A9E65A5B09}.Ad-Hoc|Any CPU.Build.0 = Release|Any CPU
		{E72671A3-F099-4580-9E34-78A9E65A5B09}.Ad-Hoc|Any CPU.Deploy.0 = Release|Any CPU
		{E72671A3-F099-4580-9E34-78A9E65A5B09}.Ad-Hoc|ARM.ActiveCfg = Release|Any CPU
		{E72671A3-F099-4580-9E34-78A9E65A5B09}.Ad-Hoc|ARM.Build.0 = Release|Any CPU
		{E72671A3-F099-4580-9E34-78A9E65A5B09}.Ad-Hoc|ARM.Deploy.0 = Release|Any CPU
		{E72671A3-F099-4580-9E34-78A9E65A5B09}.Ad-Hoc|iPhone.ActiveCfg = Release|Any CPU
		{E72671A3-F099-4580-9E34-78A9E65A5B09}.Ad-Hoc|iPhone.Build.0 = Release|Any CPU
		{E72671A3-F099-4580-9E34-78A9E65A5B09}.Ad-Hoc|iPhone.Deploy.0 = Release|Any CPU
		{E72671A3-F099-4580-9E34-78A9E65A5B09}.Ad-Hoc|iPhoneSimulator.ActiveCfg = Release|Any CPU
		{E72671A3-F099-4580-9E34-78A9E65A5B09}.Ad-Hoc|iPhoneSimulator.Build.0 = Release|Any CPU
		{E72671A3-F099-4580-9E34-78A9E65A5B09}.Ad-Hoc|iPhoneSimulator.Deploy.0 = Release|Any CPU
		{E72671A3-F099-4580-9E34-78A9E65A5B09}.Ad-Hoc|x64.ActiveCfg = Release|Any CPU
		{E72671A3-F099-4580-9E34-78A9E65A5B09}.Ad-Hoc|x64.Build.0 = Release|Any CPU
		{E72671A3-F099-4580-9E34-78A9E65A5B09}.Ad-Hoc|x64.Deploy.0 = Release|Any CPU
		{E72671A3-F099-4580-9E34-78A9E65A5B09}.Ad-Hoc|x86.ActiveCfg = Release|Any CPU
		{E72671A3-F099-4580-9E34-78A9E65A5B09}.Ad-Hoc|x86.Build.0 = Release|Any CPU
		{E72671A3-F099-4580-9E34-78A9E65A5B09}.Ad-Hoc|x86.Deploy.0 = Release|Any CPU
		{E72671A3-F099-4580-9E34-78A9E65A5B09}.AppStore|Any CPU.ActiveCfg = Release|Any CPU
		{E72671A3-F099-4580-9E34-78A9E65A5B09}.AppStore|Any CPU.Build.0 = Release|Any CPU
		{E72671A3-F099-4580-9E34-78A9E65A5B09}.AppStore|Any CPU.Deploy.0 = Release|Any CPU
		{E72671A3-F099-4580-9E34-78A9E65A5B09}.AppStore|ARM.ActiveCfg = Release|Any CPU
		{E72671A3-F099-4580-9E34-78A9E65A5B09}.AppStore|ARM.Build.0 = Release|Any CPU
		{E72671A3-F099-4580-9E34-78A9E65A5B09}.AppStore|ARM.Deploy.0 = Release|Any CPU
		{E72671A3-F099-4580-9E34-78A9E65A5B09}.AppStore|iPhone.ActiveCfg = Release|Any CPU
		{E72671A3-F099-4580-9E34-78A9E65A5B09}.AppStore|iPhone.Build.0 = Release|Any CPU
		{E72671A3-F099-4580-9E34-78A9E65A5B09}.AppStore|iPhone.Deploy.0 = Release|Any CPU
		{E72671A3-F099-4580-9E34-78A9E65A5B09}.AppStore|iPhoneSimulator.ActiveCfg = Release|Any CPU
		{E72671A3-F099-4580-9E34-78A9E65A5B09}.AppStore|iPhoneSimulator.Build.0 = Release|Any CPU
		{E72671A3-F099-4580-9E34-78A9E65A5B09}.AppStore|iPhoneSimulator.Deploy.0 = Release|Any CPU
		{E72671A3-F099-4580-9E34-78A9E65A5B09}.AppStore|x64.ActiveCfg = Release|Any CPU
		{E72671A3-F099-4580-9E34-78A9E65A5B09}.AppStore|x64.Build.0 = Release|Any CPU
		{E72671A3-F099-4580-9E34-78A9E65A5B09}.AppStore|x64.Deploy.0 = Release|Any CPU
		{E72671A3-F099-4580-9E34-78A9E65A5B09}.AppStore|x86.ActiveCfg = Release|Any CPU
		{E72671A3-F099-4580-9E34-78A9E65A5B09}.AppStore|x86.Build.0 = Release|Any CPU
		{E72671A3-F099-4580-9E34-78A9E65A5B09}.AppStore|x86.Deploy.0 = Release|Any CPU
		{E72671A3-F099-4580-9E34-78A9E65A5B09}.Debug|Any CPU.ActiveCfg = Debug|Any CPU
		{E72671A3-F099-4580-9E34-78A9E65A5B09}.Debug|Any CPU.Build.0 = Debug|Any CPU
		{E72671A3-F099-4580-9E34-78A9E65A5B09}.Debug|Any CPU.Deploy.0 = Debug|Any CPU
		{E72671A3-F099-4580-9E34-78A9E65A5B09}.Debug|ARM.ActiveCfg = Debug|Any CPU
		{E72671A3-F099-4580-9E34-78A9E65A5B09}.Debug|ARM.Build.0 = Debug|Any CPU
		{E72671A3-F099-4580-9E34-78A9E65A5B09}.Debug|ARM.Deploy.0 = Debug|Any CPU
		{E72671A3-F099-4580-9E34-78A9E65A5B09}.Debug|iPhone.ActiveCfg = Debug|Any CPU
		{E72671A3-F099-4580-9E34-78A9E65A5B09}.Debug|iPhone.Build.0 = Debug|Any CPU
		{E72671A3-F099-4580-9E34-78A9E65A5B09}.Debug|iPhone.Deploy.0 = Debug|Any CPU
		{E72671A3-F099-4580-9E34-78A9E65A5B09}.Debug|iPhoneSimulator.ActiveCfg = Debug|Any CPU
		{E72671A3-F099-4580-9E34-78A9E65A5B09}.Debug|iPhoneSimulator.Build.0 = Debug|Any CPU
		{E72671A3-F099-4580-9E34-78A9E65A5B09}.Debug|iPhoneSimulator.Deploy.0 = Debug|Any CPU
		{E72671A3-F099-4580-9E34-78A9E65A5B09}.Debug|x64.ActiveCfg = Debug|Any CPU
		{E72671A3-F099-4580-9E34-78A9E65A5B09}.Debug|x64.Build.0 = Debug|Any CPU
		{E72671A3-F099-4580-9E34-78A9E65A5B09}.Debug|x64.Deploy.0 = Debug|Any CPU
		{E72671A3-F099-4580-9E34-78A9E65A5B09}.Debug|x86.ActiveCfg = Debug|Any CPU
		{E72671A3-F099-4580-9E34-78A9E65A5B09}.Debug|x86.Build.0 = Debug|Any CPU
		{E72671A3-F099-4580-9E34-78A9E65A5B09}.Debug|x86.Deploy.0 = Debug|Any CPU
		{E72671A3-F099-4580-9E34-78A9E65A5B09}.Release|Any CPU.ActiveCfg = Release|Any CPU
		{E72671A3-F099-4580-9E34-78A9E65A5B09}.Release|Any CPU.Build.0 = Release|Any CPU
		{E72671A3-F099-4580-9E34-78A9E65A5B09}.Release|Any CPU.Deploy.0 = Release|Any CPU
		{E72671A3-F099-4580-9E34-78A9E65A5B09}.Release|ARM.ActiveCfg = Release|Any CPU
		{E72671A3-F099-4580-9E34-78A9E65A5B09}.Release|ARM.Build.0 = Release|Any CPU
		{E72671A3-F099-4580-9E34-78A9E65A5B09}.Release|ARM.Deploy.0 = Release|Any CPU
		{E72671A3-F099-4580-9E34-78A9E65A5B09}.Release|iPhone.ActiveCfg = Release|Any CPU
		{E72671A3-F099-4580-9E34-78A9E65A5B09}.Release|iPhone.Build.0 = Release|Any CPU
		{E72671A3-F099-4580-9E34-78A9E65A5B09}.Release|iPhone.Deploy.0 = Release|Any CPU
		{E72671A3-F099-4580-9E34-78A9E65A5B09}.Release|iPhoneSimulator.ActiveCfg = Release|Any CPU
		{E72671A3-F099-4580-9E34-78A9E65A5B09}.Release|iPhoneSimulator.Build.0 = Release|Any CPU
		{E72671A3-F099-4580-9E34-78A9E65A5B09}.Release|iPhoneSimulator.Deploy.0 = Release|Any CPU
		{E72671A3-F099-4580-9E34-78A9E65A5B09}.Release|x64.ActiveCfg = Release|Any CPU
		{E72671A3-F099-4580-9E34-78A9E65A5B09}.Release|x64.Build.0 = Release|Any CPU
		{E72671A3-F099-4580-9E34-78A9E65A5B09}.Release|x64.Deploy.0 = Release|Any CPU
		{E72671A3-F099-4580-9E34-78A9E65A5B09}.Release|x86.ActiveCfg = Release|Any CPU
		{E72671A3-F099-4580-9E34-78A9E65A5B09}.Release|x86.Build.0 = Release|Any CPU
		{E72671A3-F099-4580-9E34-78A9E65A5B09}.Release|x86.Deploy.0 = Release|Any CPU
		{ED030E1A-CE5A-418B-99B6-D9DB62A4BAA3}.Ad-Hoc|Any CPU.ActiveCfg = Ad-Hoc|iPhone
		{ED030E1A-CE5A-418B-99B6-D9DB62A4BAA3}.Ad-Hoc|ARM.ActiveCfg = Ad-Hoc|iPhone
		{ED030E1A-CE5A-418B-99B6-D9DB62A4BAA3}.Ad-Hoc|iPhone.ActiveCfg = Ad-Hoc|iPhone
		{ED030E1A-CE5A-418B-99B6-D9DB62A4BAA3}.Ad-Hoc|iPhone.Build.0 = Ad-Hoc|iPhone
		{ED030E1A-CE5A-418B-99B6-D9DB62A4BAA3}.Ad-Hoc|iPhoneSimulator.ActiveCfg = Ad-Hoc|iPhoneSimulator
		{ED030E1A-CE5A-418B-99B6-D9DB62A4BAA3}.Ad-Hoc|iPhoneSimulator.Build.0 = Ad-Hoc|iPhoneSimulator
		{ED030E1A-CE5A-418B-99B6-D9DB62A4BAA3}.Ad-Hoc|x64.ActiveCfg = Ad-Hoc|iPhone
		{ED030E1A-CE5A-418B-99B6-D9DB62A4BAA3}.Ad-Hoc|x86.ActiveCfg = Ad-Hoc|iPhone
		{ED030E1A-CE5A-418B-99B6-D9DB62A4BAA3}.AppStore|Any CPU.ActiveCfg = AppStore|iPhone
		{ED030E1A-CE5A-418B-99B6-D9DB62A4BAA3}.AppStore|ARM.ActiveCfg = AppStore|iPhone
		{ED030E1A-CE5A-418B-99B6-D9DB62A4BAA3}.AppStore|iPhone.ActiveCfg = AppStore|iPhone
		{ED030E1A-CE5A-418B-99B6-D9DB62A4BAA3}.AppStore|iPhone.Build.0 = AppStore|iPhone
		{ED030E1A-CE5A-418B-99B6-D9DB62A4BAA3}.AppStore|iPhoneSimulator.ActiveCfg = AppStore|iPhoneSimulator
		{ED030E1A-CE5A-418B-99B6-D9DB62A4BAA3}.AppStore|iPhoneSimulator.Build.0 = AppStore|iPhoneSimulator
		{ED030E1A-CE5A-418B-99B6-D9DB62A4BAA3}.AppStore|x64.ActiveCfg = AppStore|iPhone
		{ED030E1A-CE5A-418B-99B6-D9DB62A4BAA3}.AppStore|x86.ActiveCfg = AppStore|iPhone
		{ED030E1A-CE5A-418B-99B6-D9DB62A4BAA3}.Debug|Any CPU.ActiveCfg = Debug|iPhone
		{ED030E1A-CE5A-418B-99B6-D9DB62A4BAA3}.Debug|ARM.ActiveCfg = Debug|iPhone
		{ED030E1A-CE5A-418B-99B6-D9DB62A4BAA3}.Debug|iPhone.ActiveCfg = Debug|iPhone
		{ED030E1A-CE5A-418B-99B6-D9DB62A4BAA3}.Debug|iPhone.Build.0 = Debug|iPhone
		{ED030E1A-CE5A-418B-99B6-D9DB62A4BAA3}.Debug|iPhoneSimulator.ActiveCfg = Debug|iPhoneSimulator
		{ED030E1A-CE5A-418B-99B6-D9DB62A4BAA3}.Debug|iPhoneSimulator.Build.0 = Debug|iPhoneSimulator
		{ED030E1A-CE5A-418B-99B6-D9DB62A4BAA3}.Debug|x64.ActiveCfg = Debug|iPhone
		{ED030E1A-CE5A-418B-99B6-D9DB62A4BAA3}.Debug|x86.ActiveCfg = Debug|iPhone
		{ED030E1A-CE5A-418B-99B6-D9DB62A4BAA3}.Release|Any CPU.ActiveCfg = Release|iPhone
		{ED030E1A-CE5A-418B-99B6-D9DB62A4BAA3}.Release|ARM.ActiveCfg = Release|iPhone
		{ED030E1A-CE5A-418B-99B6-D9DB62A4BAA3}.Release|iPhone.ActiveCfg = Release|iPhone
		{ED030E1A-CE5A-418B-99B6-D9DB62A4BAA3}.Release|iPhone.Build.0 = Release|iPhone
		{ED030E1A-CE5A-418B-99B6-D9DB62A4BAA3}.Release|iPhoneSimulator.ActiveCfg = Release|iPhoneSimulator
		{ED030E1A-CE5A-418B-99B6-D9DB62A4BAA3}.Release|iPhoneSimulator.Build.0 = Release|iPhoneSimulator
		{ED030E1A-CE5A-418B-99B6-D9DB62A4BAA3}.Release|x64.ActiveCfg = Release|iPhone
		{ED030E1A-CE5A-418B-99B6-D9DB62A4BAA3}.Release|x86.ActiveCfg = Release|iPhone
		{090AEBB9-3B02-4CD4-8135-F40711F1603E}.Ad-Hoc|Any CPU.ActiveCfg = Release|x86
		{090AEBB9-3B02-4CD4-8135-F40711F1603E}.Ad-Hoc|Any CPU.Build.0 = Release|x86
		{090AEBB9-3B02-4CD4-8135-F40711F1603E}.Ad-Hoc|Any CPU.Deploy.0 = Release|x86
		{090AEBB9-3B02-4CD4-8135-F40711F1603E}.Ad-Hoc|ARM.ActiveCfg = Release|ARM
		{090AEBB9-3B02-4CD4-8135-F40711F1603E}.Ad-Hoc|ARM.Build.0 = Release|ARM
		{090AEBB9-3B02-4CD4-8135-F40711F1603E}.Ad-Hoc|ARM.Deploy.0 = Release|ARM
		{090AEBB9-3B02-4CD4-8135-F40711F1603E}.Ad-Hoc|iPhone.ActiveCfg = Release|x86
		{090AEBB9-3B02-4CD4-8135-F40711F1603E}.Ad-Hoc|iPhone.Build.0 = Release|x86
		{090AEBB9-3B02-4CD4-8135-F40711F1603E}.Ad-Hoc|iPhone.Deploy.0 = Release|x86
		{090AEBB9-3B02-4CD4-8135-F40711F1603E}.Ad-Hoc|iPhoneSimulator.ActiveCfg = Release|x86
		{090AEBB9-3B02-4CD4-8135-F40711F1603E}.Ad-Hoc|iPhoneSimulator.Build.0 = Release|x86
		{090AEBB9-3B02-4CD4-8135-F40711F1603E}.Ad-Hoc|iPhoneSimulator.Deploy.0 = Release|x86
		{090AEBB9-3B02-4CD4-8135-F40711F1603E}.Ad-Hoc|x64.ActiveCfg = Release|x64
		{090AEBB9-3B02-4CD4-8135-F40711F1603E}.Ad-Hoc|x64.Build.0 = Release|x64
		{090AEBB9-3B02-4CD4-8135-F40711F1603E}.Ad-Hoc|x64.Deploy.0 = Release|x64
		{090AEBB9-3B02-4CD4-8135-F40711F1603E}.Ad-Hoc|x86.ActiveCfg = Release|x86
		{090AEBB9-3B02-4CD4-8135-F40711F1603E}.Ad-Hoc|x86.Build.0 = Release|x86
		{090AEBB9-3B02-4CD4-8135-F40711F1603E}.Ad-Hoc|x86.Deploy.0 = Release|x86
		{090AEBB9-3B02-4CD4-8135-F40711F1603E}.AppStore|Any CPU.ActiveCfg = Release|x86
		{090AEBB9-3B02-4CD4-8135-F40711F1603E}.AppStore|Any CPU.Build.0 = Release|x86
		{090AEBB9-3B02-4CD4-8135-F40711F1603E}.AppStore|Any CPU.Deploy.0 = Release|x86
		{090AEBB9-3B02-4CD4-8135-F40711F1603E}.AppStore|ARM.ActiveCfg = Release|ARM
		{090AEBB9-3B02-4CD4-8135-F40711F1603E}.AppStore|ARM.Build.0 = Release|ARM
		{090AEBB9-3B02-4CD4-8135-F40711F1603E}.AppStore|ARM.Deploy.0 = Release|ARM
		{090AEBB9-3B02-4CD4-8135-F40711F1603E}.AppStore|iPhone.ActiveCfg = Release|x86
		{090AEBB9-3B02-4CD4-8135-F40711F1603E}.AppStore|iPhone.Build.0 = Release|x86
		{090AEBB9-3B02-4CD4-8135-F40711F1603E}.AppStore|iPhone.Deploy.0 = Release|x86
		{090AEBB9-3B02-4CD4-8135-F40711F1603E}.AppStore|iPhoneSimulator.ActiveCfg = Release|x86
		{090AEBB9-3B02-4CD4-8135-F40711F1603E}.AppStore|iPhoneSimulator.Build.0 = Release|x86
		{090AEBB9-3B02-4CD4-8135-F40711F1603E}.AppStore|iPhoneSimulator.Deploy.0 = Release|x86
		{090AEBB9-3B02-4CD4-8135-F40711F1603E}.AppStore|x64.ActiveCfg = Release|x64
		{090AEBB9-3B02-4CD4-8135-F40711F1603E}.AppStore|x64.Build.0 = Release|x64
		{090AEBB9-3B02-4CD4-8135-F40711F1603E}.AppStore|x64.Deploy.0 = Release|x64
		{090AEBB9-3B02-4CD4-8135-F40711F1603E}.AppStore|x86.ActiveCfg = Release|x86
		{090AEBB9-3B02-4CD4-8135-F40711F1603E}.AppStore|x86.Build.0 = Release|x86
		{090AEBB9-3B02-4CD4-8135-F40711F1603E}.AppStore|x86.Deploy.0 = Release|x86
		{090AEBB9-3B02-4CD4-8135-F40711F1603E}.Debug|Any CPU.ActiveCfg = Debug|x86
		{090AEBB9-3B02-4CD4-8135-F40711F1603E}.Debug|ARM.ActiveCfg = Debug|ARM
		{090AEBB9-3B02-4CD4-8135-F40711F1603E}.Debug|ARM.Build.0 = Debug|ARM
		{090AEBB9-3B02-4CD4-8135-F40711F1603E}.Debug|ARM.Deploy.0 = Debug|ARM
		{090AEBB9-3B02-4CD4-8135-F40711F1603E}.Debug|iPhone.ActiveCfg = Debug|x86
		{090AEBB9-3B02-4CD4-8135-F40711F1603E}.Debug|iPhoneSimulator.ActiveCfg = Debug|x86
		{090AEBB9-3B02-4CD4-8135-F40711F1603E}.Debug|x64.ActiveCfg = Debug|x64
		{090AEBB9-3B02-4CD4-8135-F40711F1603E}.Debug|x64.Build.0 = Debug|x64
		{090AEBB9-3B02-4CD4-8135-F40711F1603E}.Debug|x64.Deploy.0 = Debug|x64
		{090AEBB9-3B02-4CD4-8135-F40711F1603E}.Debug|x86.ActiveCfg = Debug|x86
		{090AEBB9-3B02-4CD4-8135-F40711F1603E}.Debug|x86.Build.0 = Debug|x86
		{090AEBB9-3B02-4CD4-8135-F40711F1603E}.Debug|x86.Deploy.0 = Debug|x86
		{090AEBB9-3B02-4CD4-8135-F40711F1603E}.Release|Any CPU.ActiveCfg = Release|x86
		{090AEBB9-3B02-4CD4-8135-F40711F1603E}.Release|ARM.ActiveCfg = Release|ARM
		{090AEBB9-3B02-4CD4-8135-F40711F1603E}.Release|ARM.Build.0 = Release|ARM
		{090AEBB9-3B02-4CD4-8135-F40711F1603E}.Release|ARM.Deploy.0 = Release|ARM
		{090AEBB9-3B02-4CD4-8135-F40711F1603E}.Release|iPhone.ActiveCfg = Release|x86
		{090AEBB9-3B02-4CD4-8135-F40711F1603E}.Release|iPhoneSimulator.ActiveCfg = Release|x86
		{090AEBB9-3B02-4CD4-8135-F40711F1603E}.Release|x64.ActiveCfg = Release|x64
		{090AEBB9-3B02-4CD4-8135-F40711F1603E}.Release|x64.Build.0 = Release|x64
		{090AEBB9-3B02-4CD4-8135-F40711F1603E}.Release|x64.Deploy.0 = Release|x64
		{090AEBB9-3B02-4CD4-8135-F40711F1603E}.Release|x86.ActiveCfg = Release|x86
		{090AEBB9-3B02-4CD4-8135-F40711F1603E}.Release|x86.Build.0 = Release|x86
		{090AEBB9-3B02-4CD4-8135-F40711F1603E}.Release|x86.Deploy.0 = Release|x86
	EndGlobalSection
	GlobalSection(SolutionProperties) = preSolution
		HideSolutionNode = FALSE
	EndGlobalSection
	GlobalSection(ExtensibilityGlobals) = postSolution
		SolutionGuid = {AE42781F-2430-43AA-9DFD-15B4A1F1DD6A}
	EndGlobalSection
EndGlobal
